
Microsoft Visual Studio Solution File, Format Version 12.00
# Visual Studio Version 17
VisualStudioVersion = 17.13.35507.96
MinimumVisualStudioVersion = 10.0.40219.1
Project("{FAE04EC0-301F-11D3-BF4B-00C04F79EFBC}") = "AdventUtilities", "AdventUtilities\AdventUtilities.csproj", "{74D00501-574D-7325-7FD9-F7DA9D5D2252}"
EndProject
Project("{FAE04EC0-301F-11D3-BF4B-00C04F79EFBC}") = "Day01", "Day01\Day01.csproj", "{C3CF464B-1BAF-4405-9C62-55ECCFBD6B05}"
EndProject
Project("{FAE04EC0-301F-11D3-BF4B-00C04F79EFBC}") = "Day02", "Day02\Day02.csproj", "{AF0C91A0-EB97-4678-8D2B-E054964F2160}"
EndProject
Project("{FAE04EC0-301F-11D3-BF4B-00C04F79EFBC}") = "Day03", "Day03\Day03.csproj", "{17B5370C-EA3B-34D0-E04D-6EA049A8ADF3}"
EndProject
Project("{FAE04EC0-301F-11D3-BF4B-00C04F79EFBC}") = "Day04", "Day04\Day04.csproj", "{ECE5B2CE-0640-8B33-D374-3BBE444A5DD8}"
EndProject
Project("{FAE04EC0-301F-11D3-BF4B-00C04F79EFBC}") = "Day05", "Day05\Day05.csproj", "{2AEF1B1B-38CA-A0D5-96ED-3BC636A658BE}"
EndProject
Project("{FAE04EC0-301F-11D3-BF4B-00C04F79EFBC}") = "Day06", "Day06\Day06.csproj", "{E349F3AE-FB19-8DF3-A20E-905D27CD49CA}"
EndProject
Project("{FAE04EC0-301F-11D3-BF4B-00C04F79EFBC}") = "Day07", "Day07\Day07.csproj", "{60E00293-57FE-BCF6-C9CF-D205C4962FCD}"
EndProject
Project("{FAE04EC0-301F-11D3-BF4B-00C04F79EFBC}") = "Day08", "Day08\Day08.csproj", "{853C58AE-9AA6-8A4C-E603-80B668E263DB}"
EndProject
Project("{FAE04EC0-301F-11D3-BF4B-00C04F79EFBC}") = "Day09", "Day09\Day09.csproj", "{43F6E008-E9BE-85DC-5F84-5F5F8D15EA22}"
EndProject
Project("{FAE04EC0-301F-11D3-BF4B-00C04F79EFBC}") = "Day10", "Day10\Day10.csproj", "{ED7BA45B-7E29-7DA6-D775-71BB00021BF4}"
EndProject
Project("{FAE04EC0-301F-11D3-BF4B-00C04F79EFBC}") = "Day11", "Day11\Day11.csproj", "{5ABBC634-5636-5F99-1C90-53DDE08328BE}"
EndProject
Project("{FAE04EC0-301F-11D3-BF4B-00C04F79EFBC}") = "Day12", "Day12\Day12.csproj", "{6F4E91A2-7BAD-206D-BAD6-4A5318FC153C}"
EndProject
Project("{FAE04EC0-301F-11D3-BF4B-00C04F79EFBC}") = "Day13", "Day13\Day13.csproj", "{B30492FF-7203-3EAC-B254-D60A0DAC7354}"
EndProject
Project("{FAE04EC0-301F-11D3-BF4B-00C04F79EFBC}") = "Day14", "Day14\Day14.csproj", "{869F3FAB-C35C-BFD4-15DF-615E79D383CE}"
EndProject
Project("{FAE04EC0-301F-11D3-BF4B-00C04F79EFBC}") = "Day15", "Day15\Day15.csproj", "{CDDAEC7F-2888-A7DB-FD47-676BC129DFA7}"
EndProject
Project("{FAE04EC0-301F-11D3-BF4B-00C04F79EFBC}") = "Day16", "Day16\Day16.csproj", "{3BD32BA8-7D20-B423-51CF-333F1F6C1806}"
EndProject
Project("{FAE04EC0-301F-11D3-BF4B-00C04F79EFBC}") = "Day17", "Day17\Day17.csproj", "{C93DE6CD-DAC0-B277-4EDB-333E512F14DC}"
EndProject
Project("{FAE04EC0-301F-11D3-BF4B-00C04F79EFBC}") = "Day18", "Day18\Day18.csproj", "{DDCE1826-4A0F-CCF9-4168-11F4A72C04F3}"
EndProject
Project("{FAE04EC0-301F-11D3-BF4B-00C04F79EFBC}") = "Day19", "Day19\Day19.csproj", "{EFCCE1BB-80E3-776F-A48B-E99E483717C5}"
EndProject
Project("{FAE04EC0-301F-11D3-BF4B-00C04F79EFBC}") = "Day20", "Day20\Day20.csproj", "{8AFE060D-09FC-A2AF-BF63-73E9EF9102C1}"
EndProject
Project("{FAE04EC0-301F-11D3-BF4B-00C04F79EFBC}") = "Day21", "Day21\Day21.csproj", "{D0F7387A-A0F3-E16D-6619-5217B7245817}"
EndProject
Project("{FAE04EC0-301F-11D3-BF4B-00C04F79EFBC}") = "Day22", "Day22\Day22.csproj", "{E0A0A959-86F1-8F2C-7D0B-AFA75C85E2D1}"
EndProject
Project("{FAE04EC0-301F-11D3-BF4B-00C04F79EFBC}") = "Day23", "Day23\Day23.csproj", "{CE9024CE-E2C8-5EA4-8C92-AEF755CC74D4}"
EndProject
Project("{FAE04EC0-301F-11D3-BF4B-00C04F79EFBC}") = "Day24", "Day24\Day24.csproj", "{D75582BB-2F39-6EDF-97E6-83EB0A22FEF5}"
EndProject
Project("{FAE04EC0-301F-11D3-BF4B-00C04F79EFBC}") = "Day25", "Day25\Day25.csproj", "{85F38A61-4DC4-4276-0251-69F1CC8E42B0}"
EndProject
Global
	GlobalSection(SolutionConfigurationPlatforms) = preSolution
		Debug|Any CPU = Debug|Any CPU
		Release|Any CPU = Release|Any CPU
	EndGlobalSection
	GlobalSection(ProjectConfigurationPlatforms) = postSolution
		{74D00501-574D-7325-7FD9-F7DA9D5D2252}.Debug|Any CPU.ActiveCfg = Debug|Any CPU
		{74D00501-574D-7325-7FD9-F7DA9D5D2252}.Debug|Any CPU.Build.0 = Debug|Any CPU
		{74D00501-574D-7325-7FD9-F7DA9D5D2252}.Release|Any CPU.ActiveCfg = Release|Any CPU
		{74D00501-574D-7325-7FD9-F7DA9D5D2252}.Release|Any CPU.Build.0 = Release|Any CPU
		{C3CF464B-1BAF-4405-9C62-55ECCFBD6B05}.Debug|Any CPU.ActiveCfg = Debug|Any CPU
		{C3CF464B-1BAF-4405-9C62-55ECCFBD6B05}.Debug|Any CPU.Build.0 = Debug|Any CPU
		{C3CF464B-1BAF-4405-9C62-55ECCFBD6B05}.Release|Any CPU.ActiveCfg = Release|Any CPU
		{C3CF464B-1BAF-4405-9C62-55ECCFBD6B05}.Release|Any CPU.Build.0 = Release|Any CPU
		{AF0C91A0-EB97-4678-8D2B-E054964F2160}.Debug|Any CPU.ActiveCfg = Debug|Any CPU
		{AF0C91A0-EB97-4678-8D2B-E054964F2160}.Debug|Any CPU.Build.0 = Debug|Any CPU
		{AF0C91A0-EB97-4678-8D2B-E054964F2160}.Release|Any CPU.ActiveCfg = Release|AnyCPU
		{AF0C91A0-EB97-4678-8D2B-E054964F2160}.Release|Any CPU.Build.0 = Release|AnyCPU
		{17B5370C-EA3B-34D0-E04D-6EA049A8ADF3}.Debug|Any CPU.ActiveCfg = Debug|Any CPU
		{17B5370C-EA3B-34D0-E04D-6EA049A8ADF3}.Debug|Any CPU.Build.0 = Debug|Any CPU
		{17B5370C-EA3B-34D0-E04D-6EA049A8ADF3}.Release|Any CPU.ActiveCfg = Release|AnyCPU
		{17B5370C-EA3B-34D0-E04D-6EA049A8ADF3}.Release|Any CPU.Build.0 = Release|AnyCPU
		{ECE5B2CE-0640-8B33-D374-3BBE444A5DD8}.Debug|Any CPU.ActiveCfg = Debug|Any CPU
		{ECE5B2CE-0640-8B33-D374-3BBE444A5DD8}.Debug|Any CPU.Build.0 = Debug|Any CPU
		{ECE5B2CE-0640-8B33-D374-3BBE444A5DD8}.Release|Any CPU.ActiveCfg = Release|AnyCPU
		{ECE5B2CE-0640-8B33-D374-3BBE444A5DD8}.Release|Any CPU.Build.0 = Release|AnyCPU
		{2AEF1B1B-38CA-A0D5-96ED-3BC636A658BE}.Debug|Any CPU.ActiveCfg = Debug|Any CPU
		{2AEF1B1B-38CA-A0D5-96ED-3BC636A658BE}.Debug|Any CPU.Build.0 = Debug|Any CPU
		{2AEF1B1B-38CA-A0D5-96ED-3BC636A658BE}.Release|Any CPU.ActiveCfg = Release|AnyCPU
		{2AEF1B1B-38CA-A0D5-96ED-3BC636A658BE}.Release|Any CPU.Build.0 = Release|AnyCPU
		{E349F3AE-FB19-8DF3-A20E-905D27CD49CA}.Debug|Any CPU.ActiveCfg = Debug|Any CPU
		{E349F3AE-FB19-8DF3-A20E-905D27CD49CA}.Debug|Any CPU.Build.0 = Debug|Any CPU
		{E349F3AE-FB19-8DF3-A20E-905D27CD49CA}.Release|Any CPU.ActiveCfg = Release|AnyCPU
		{E349F3AE-FB19-8DF3-A20E-905D27CD49CA}.Release|Any CPU.Build.0 = Release|AnyCPU
		{60E00293-57FE-BCF6-C9CF-D205C4962FCD}.Debug|Any CPU.ActiveCfg = Debug|Any CPU
		{60E00293-57FE-BCF6-C9CF-D205C4962FCD}.Debug|Any CPU.Build.0 = Debug|Any CPU
		{60E00293-57FE-BCF6-C9CF-D205C4962FCD}.Release|Any CPU.ActiveCfg = Release|AnyCPU
		{60E00293-57FE-BCF6-C9CF-D205C4962FCD}.Release|Any CPU.Build.0 = Release|AnyCPU
		{853C58AE-9AA6-8A4C-E603-80B668E263DB}.Debug|Any CPU.ActiveCfg = Debug|Any CPU
		{853C58AE-9AA6-8A4C-E603-80B668E263DB}.Debug|Any CPU.Build.0 = Debug|Any CPU
		{853C58AE-9AA6-8A4C-E603-80B668E263DB}.Release|Any CPU.ActiveCfg = Release|AnyCPU
		{853C58AE-9AA6-8A4C-E603-80B668E263DB}.Release|Any CPU.Build.0 = Release|AnyCPU
		{43F6E008-E9BE-85DC-5F84-5F5F8D15EA22}.Debug|Any CPU.ActiveCfg = Debug|Any CPU
		{43F6E008-E9BE-85DC-5F84-5F5F8D15EA22}.Debug|Any CPU.Build.0 = Debug|Any CPU
		{43F6E008-E9BE-85DC-5F84-5F5F8D15EA22}.Release|Any CPU.ActiveCfg = Release|AnyCPU
		{43F6E008-E9BE-85DC-5F84-5F5F8D15EA22}.Release|Any CPU.Build.0 = Release|AnyCPU
		{ED7BA45B-7E29-7DA6-D775-71BB00021BF4}.Debug|Any CPU.ActiveCfg = Debug|Any CPU
		{ED7BA45B-7E29-7DA6-D775-71BB00021BF4}.Debug|Any CPU.Build.0 = Debug|Any CPU
		{ED7BA45B-7E29-7DA6-D775-71BB00021BF4}.Release|Any CPU.ActiveCfg = Release|AnyCPU
		{ED7BA45B-7E29-7DA6-D775-71BB00021BF4}.Release|Any CPU.Build.0 = Release|AnyCPU
		{5ABBC634-5636-5F99-1C90-53DDE08328BE}.Debug|Any CPU.ActiveCfg = Debug|Any CPU
		{5ABBC634-5636-5F99-1C90-53DDE08328BE}.Debug|Any CPU.Build.0 = Debug|Any CPU
		{5ABBC634-5636-5F99-1C90-53DDE08328BE}.Release|Any CPU.ActiveCfg = Release|AnyCPU
		{5ABBC634-5636-5F99-1C90-53DDE08328BE}.Release|Any CPU.Build.0 = Release|AnyCPU
		{6F4E91A2-7BAD-206D-BAD6-4A5318FC153C}.Debug|Any CPU.ActiveCfg = Debug|Any CPU
		{6F4E91A2-7BAD-206D-BAD6-4A5318FC153C}.Debug|Any CPU.Build.0 = Debug|Any CPU
		{6F4E91A2-7BAD-206D-BAD6-4A5318FC153C}.Release|Any CPU.ActiveCfg = Release|AnyCPU
		{6F4E91A2-7BAD-206D-BAD6-4A5318FC153C}.Release|Any CPU.Build.0 = Release|AnyCPU
		{B30492FF-7203-3EAC-B254-D60A0DAC7354}.Debug|Any CPU.ActiveCfg = Debug|Any CPU
		{B30492FF-7203-3EAC-B254-D60A0DAC7354}.Debug|Any CPU.Build.0 = Debug|Any CPU
		{B30492FF-7203-3EAC-B254-D60A0DAC7354}.Release|Any CPU.ActiveCfg = Release|AnyCPU
		{B30492FF-7203-3EAC-B254-D60A0DAC7354}.Release|Any CPU.Build.0 = Release|AnyCPU
		{869F3FAB-C35C-BFD4-15DF-615E79D383CE}.Debug|Any CPU.ActiveCfg = Debug|Any CPU
		{869F3FAB-C35C-BFD4-15DF-615E79D383CE}.Debug|Any CPU.Build.0 = Debug|Any CPU
		{869F3FAB-C35C-BFD4-15DF-615E79D383CE}.Release|Any CPU.ActiveCfg = Release|AnyCPU
		{869F3FAB-C35C-BFD4-15DF-615E79D383CE}.Release|Any CPU.Build.0 = Release|AnyCPU
		{CDDAEC7F-2888-A7DB-FD47-676BC129DFA7}.Debug|Any CPU.ActiveCfg = Debug|Any CPU
		{CDDAEC7F-2888-A7DB-FD47-676BC129DFA7}.Debug|Any CPU.Build.0 = Debug|Any CPU
		{CDDAEC7F-2888-A7DB-FD47-676BC129DFA7}.Release|Any CPU.ActiveCfg = Release|AnyCPU
		{CDDAEC7F-2888-A7DB-FD47-676BC129DFA7}.Release|Any CPU.Build.0 = Release|AnyCPU
		{3BD32BA8-7D20-B423-51CF-333F1F6C1806}.Debug|Any CPU.ActiveCfg = Debug|Any CPU
		{3BD32BA8-7D20-B423-51CF-333F1F6C1806}.Debug|Any CPU.Build.0 = Debug|Any CPU
		{3BD32BA8-7D20-B423-51CF-333F1F6C1806}.Release|Any CPU.ActiveCfg = Release|AnyCPU
		{3BD32BA8-7D20-B423-51CF-333F1F6C1806}.Release|Any CPU.Build.0 = Release|AnyCPU
		{C93DE6CD-DAC0-B277-4EDB-333E512F14DC}.Debug|Any CPU.ActiveCfg = Debug|Any CPU
		{C93DE6CD-DAC0-B277-4EDB-333E512F14DC}.Debug|Any CPU.Build.0 = Debug|Any CPU
		{C93DE6CD-DAC0-B277-4EDB-333E512F14DC}.Release|Any CPU.ActiveCfg = Release|AnyCPU
		{C93DE6CD-DAC0-B277-4EDB-333E512F14DC}.Release|Any CPU.Build.0 = Release|AnyCPU
		{DDCE1826-4A0F-CCF9-4168-11F4A72C04F3}.Debug|Any CPU.ActiveCfg = Debug|Any CPU
		{DDCE1826-4A0F-CCF9-4168-11F4A72C04F3}.Debug|Any CPU.Build.0 = Debug|Any CPU
		{DDCE1826-4A0F-CCF9-4168-11F4A72C04F3}.Release|Any CPU.ActiveCfg = Release|AnyCPU
		{DDCE1826-4A0F-CCF9-4168-11F4A72C04F3}.Release|Any CPU.Build.0 = Release|AnyCPU
		{EFCCE1BB-80E3-776F-A48B-E99E483717C5}.Debug|Any CPU.ActiveCfg = Debug|Any CPU
		{EFCCE1BB-80E3-776F-A48B-E99E483717C5}.Debug|Any CPU.Build.0 = Debug|Any CPU
		{EFCCE1BB-80E3-776F-A48B-E99E483717C5}.Release|Any CPU.ActiveCfg = Release|AnyCPU
		{EFCCE1BB-80E3-776F-A48B-E99E483717C5}.Release|Any CPU.Build.0 = Release|AnyCPU
		{8AFE060D-09FC-A2AF-BF63-73E9EF9102C1}.Debug|Any CPU.ActiveCfg = Debug|Any CPU
		{8AFE060D-09FC-A2AF-BF63-73E9EF9102C1}.Debug|Any CPU.Build.0 = Debug|Any CPU
		{8AFE060D-09FC-A2AF-BF63-73E9EF9102C1}.Release|Any CPU.ActiveCfg = Release|AnyCPU
		{8AFE060D-09FC-A2AF-BF63-73E9EF9102C1}.Release|Any CPU.Build.0 = Release|AnyCPU
		{D0F7387A-A0F3-E16D-6619-5217B7245817}.Debug|Any CPU.ActiveCfg = Debug|Any CPU
		{D0F7387A-A0F3-E16D-6619-5217B7245817}.Debug|Any CPU.Build.0 = Debug|Any CPU
		{D0F7387A-A0F3-E16D-6619-5217B7245817}.Release|Any CPU.ActiveCfg = Release|AnyCPU
		{D0F7387A-A0F3-E16D-6619-5217B7245817}.Release|Any CPU.Build.0 = Release|AnyCPU
		{E0A0A959-86F1-8F2C-7D0B-AFA75C85E2D1}.Debug|Any CPU.ActiveCfg = Debug|Any CPU
		{E0A0A959-86F1-8F2C-7D0B-AFA75C85E2D1}.Debug|Any CPU.Build.0 = Debug|Any CPU
		{E0A0A959-86F1-8F2C-7D0B-AFA75C85E2D1}.Release|Any CPU.ActiveCfg = Release|AnyCPU
		{E0A0A959-86F1-8F2C-7D0B-AFA75C85E2D1}.Release|Any CPU.Build.0 = Release|AnyCPU
		{CE9024CE-E2C8-5EA4-8C92-AEF755CC74D4}.Debug|Any CPU.ActiveCfg = Debug|Any CPU
		{CE9024CE-E2C8-5EA4-8C92-AEF755CC74D4}.Debug|Any CPU.Build.0 = Debug|Any CPU
		{CE9024CE-E2C8-5EA4-8C92-AEF755CC74D4}.Release|Any CPU.ActiveCfg = Release|AnyCPU
		{CE9024CE-E2C8-5EA4-8C92-AEF755CC74D4}.Release|Any CPU.Build.0 = Release|AnyCPU
		{D75582BB-2F39-6EDF-97E6-83EB0A22FEF5}.Debug|Any CPU.ActiveCfg = Debug|Any CPU
		{D75582BB-2F39-6EDF-97E6-83EB0A22FEF5}.Debug|Any CPU.Build.0 = Debug|Any CPU
		{D75582BB-2F39-6EDF-97E6-83EB0A22FEF5}.Release|Any CPU.ActiveCfg = Release|AnyCPU
		{D75582BB-2F39-6EDF-97E6-83EB0A22FEF5}.Release|Any CPU.Build.0 = Release|AnyCPU
		{85F38A61-4DC4-4276-0251-69F1CC8E42B0}.Debug|Any CPU.ActiveCfg = Debug|Any CPU
		{85F38A61-4DC4-4276-0251-69F1CC8E42B0}.Debug|Any CPU.Build.0 = Debug|Any CPU
		{85F38A61-4DC4-4276-0251-69F1CC8E42B0}.Release|Any CPU.ActiveCfg = Release|AnyCPU
		{85F38A61-4DC4-4276-0251-69F1CC8E42B0}.Release|Any CPU.Build.0 = Release|AnyCPU
	EndGlobalSection
	GlobalSection(SolutionProperties) = preSolution
		HideSolutionNode = FALSE
	EndGlobalSection
	GlobalSection(ExtensibilityGlobals) = postSolution
		SolutionGuid = {6B72F8C4-E684-43D9-A91E-D940A95E03CF}
	EndGlobalSection
EndGlobal
