
Microsoft Visual Studio Solution File, Format Version 12.00
# Visual Studio Version 17
VisualStudioVersion = 17.13.35507.96 d17.13
MinimumVisualStudioVersion = 10.0.40219.1
Project("{FAE04EC0-301F-11D3-BF4B-00C04F79EFBC}") = "AdventUtilities", "AdventUtilities\AdventUtilities.csproj", "{74D00501-574D-7325-7FD9-F7DA9D5D2252}"
EndProject
Project("{FAE04EC0-301F-11D3-BF4B-00C04F79EFBC}") = "Day01", "Day01\Day01.csproj", "{C3CF464B-1BAF-4405-9C62-55ECCFBD6B05}"
EndProject
Global
	GlobalSection(SolutionConfigurationPlatforms) = preSolution
		Debug|Any CPU = Debug|Any CPU
		Release|Any CPU = Release|Any CPU
	EndGlobalSection
	GlobalSection(ProjectConfigurationPlatforms) = postSolution
		{74D00501-574D-7325-7FD9-F7DA9D5D2252}.Debug|Any CPU.ActiveCfg = Debug|Any CPU
		{74D00501-574D-7325-7FD9-F7DA9D5D2252}.Debug|Any CPU.Build.0 = Debug|Any CPU
		{74D00501-574D-7325-7FD9-F7DA9D5D2252}.Release|Any CPU.ActiveCfg = Release|Any CPU
		{74D00501-574D-7325-7FD9-F7DA9D5D2252}.Release|Any CPU.Build.0 = Release|Any CPU
		{C3CF464B-1BAF-4405-9C62-55ECCFBD6B05}.Debug|Any CPU.ActiveCfg = Debug|Any CPU
		{C3CF464B-1BAF-4405-9C62-55ECCFBD6B05}.Debug|Any CPU.Build.0 = Debug|Any CPU
		{C3CF464B-1BAF-4405-9C62-55ECCFBD6B05}.Release|Any CPU.ActiveCfg = Release|Any CPU
		{C3CF464B-1BAF-4405-9C62-55ECCFBD6B05}.Release|Any CPU.Build.0 = Release|Any CPU
	EndGlobalSection
	GlobalSection(SolutionProperties) = preSolution
		HideSolutionNode = FALSE
	EndGlobalSection
	GlobalSection(ExtensibilityGlobals) = postSolution
		SolutionGuid = {6B72F8C4-E684-43D9-A91E-D940A95E03CF}
	EndGlobalSection
EndGlobal
